
Microsoft Visual Studio Solution File, Format Version 12.00
# Visual Studio Version 17
VisualStudioVersion = 17.0.32002.185
MinimumVisualStudioVersion = 10.0.40219.1
Project("{FAE04EC0-301F-11D3-BF4B-00C04F79EFBC}") = "Ozon 6", "Ozon 6.csproj", "{EDC29339-9F24-440C-93FE-3E612A27A76E}"
EndProject
Global
	GlobalSection(SolutionConfigurationPlatforms) = preSolution
		Debug|Any CPU = Debug|Any CPU
		Release|Any CPU = Release|Any CPU
	EndGlobalSection
	GlobalSection(ProjectConfigurationPlatforms) = postSolution
		{EDC29339-9F24-440C-93FE-3E612A27A76E}.Debug|Any CPU.ActiveCfg = Debug|Any CPU
		{EDC29339-9F24-440C-93FE-3E612A27A76E}.Debug|Any CPU.Build.0 = Debug|Any CPU
		{EDC29339-9F24-440C-93FE-3E612A27A76E}.Release|Any CPU.ActiveCfg = Release|Any CPU
		{EDC29339-9F24-440C-93FE-3E612A27A76E}.Release|Any CPU.Build.0 = Release|Any CPU
	EndGlobalSection
	GlobalSection(SolutionProperties) = preSolution
		HideSolutionNode = FALSE
	EndGlobalSection
	GlobalSection(ExtensibilityGlobals) = postSolution
		SolutionGuid = {2D5FEE2E-50B3-4844-8276-5DEBDB7E2B2B}
	EndGlobalSection
EndGlobal
